// !$*UTF8*$!
{
	archiveVersion = 1;
	classes = {
	};
	objectVersion = 45;
	objects = {

/* Begin PBXBuildFile section */
		1D3623260D0F684500981E51 /* OpenHousesAppDelegate.m in Sources */ = {isa = PBXBuildFile; fileRef = 1D3623250D0F684500981E51 /* OpenHousesAppDelegate.m */; };
		1D60589B0D05DD56006BFB54 /* main.m in Sources */ = {isa = PBXBuildFile; fileRef = 29B97316FDCFA39411CA2CEA /* main.m */; };
		1D60589F0D05DD5A006BFB54 /* Foundation.framework in Frameworks */ = {isa = PBXBuildFile; fileRef = 1D30AB110D05D00D00671497 /* Foundation.framework */; };
		1DF5F4E00D08C38300B7A737 /* UIKit.framework in Frameworks */ = {isa = PBXBuildFile; fileRef = 1DF5F4DF0D08C38300B7A737 /* UIKit.framework */; };
		288765A50DF7441C002DB57D /* CoreGraphics.framework in Frameworks */ = {isa = PBXBuildFile; fileRef = 288765A40DF7441C002DB57D /* CoreGraphics.framework */; };
		28AD733F0D9D9553002E5188 /* MainWindow.xib in Resources */ = {isa = PBXBuildFile; fileRef = 28AD733E0D9D9553002E5188 /* MainWindow.xib */; };
		834A9F2F1005C7EC00B87E53 /* list.png in Resources */ = {isa = PBXBuildFile; fileRef = 834A9F2E1005C7EC00B87E53 /* list.png */; };
		835B0F920FC13108007F818F /* CoreLocation.framework in Frameworks */ = {isa = PBXBuildFile; fileRef = 835B0F910FC13108007F818F /* CoreLocation.framework */; };
		8361078B1006D596007082CD /* down.png in Resources */ = {isa = PBXBuildFile; fileRef = 836107891006D596007082CD /* down.png */; };
		8361078C1006D596007082CD /* up.png in Resources */ = {isa = PBXBuildFile; fileRef = 8361078A1006D596007082CD /* up.png */; };
		8381E845118E2F9900A412EE /* CDataScanner.m in Sources */ = {isa = PBXBuildFile; fileRef = 8381E82F118E2F9900A412EE /* CDataScanner.m */; };
		8381E846118E2F9900A412EE /* CDataScanner_Extensions.m in Sources */ = {isa = PBXBuildFile; fileRef = 8381E832118E2F9900A412EE /* CDataScanner_Extensions.m */; };
		8381E847118E2F9900A412EE /* NSCharacterSet_Extensions.m in Sources */ = {isa = PBXBuildFile; fileRef = 8381E834118E2F9900A412EE /* NSCharacterSet_Extensions.m */; };
		8381E848118E2F9900A412EE /* NSDictionary_JSONExtensions.m in Sources */ = {isa = PBXBuildFile; fileRef = 8381E836118E2F9900A412EE /* NSDictionary_JSONExtensions.m */; };
		8381E849118E2F9900A412EE /* NSScanner_Extensions.m in Sources */ = {isa = PBXBuildFile; fileRef = 8381E838118E2F9900A412EE /* NSScanner_Extensions.m */; };
		8381E84A118E2F9900A412EE /* CJSONDeserializer.m in Sources */ = {isa = PBXBuildFile; fileRef = 8381E83B118E2F9900A412EE /* CJSONDeserializer.m */; };
		8381E84B118E2F9900A412EE /* CJSONScanner.m in Sources */ = {isa = PBXBuildFile; fileRef = 8381E83D118E2F9900A412EE /* CJSONScanner.m */; };
		8381E84C118E2F9900A412EE /* CJSONSerializer.m in Sources */ = {isa = PBXBuildFile; fileRef = 8381E83F118E2F9900A412EE /* CJSONSerializer.m */; };
		8381E86D118E304D00A412EE /* Database.m in Sources */ = {isa = PBXBuildFile; fileRef = 8381E856118E304D00A412EE /* Database.m */; };
		8381E86E118E304D00A412EE /* FMDatabase.m in Sources */ = {isa = PBXBuildFile; fileRef = 8381E859118E304D00A412EE /* FMDatabase.m */; };
		8381E86F118E304D00A412EE /* FMDatabaseAdditions.m in Sources */ = {isa = PBXBuildFile; fileRef = 8381E85B118E304D00A412EE /* FMDatabaseAdditions.m */; };
		8381E870118E304D00A412EE /* fmdb.m in Sources */ = {isa = PBXBuildFile; fileRef = 8381E85C118E304D00A412EE /* fmdb.m */; };
		8381E871118E304D00A412EE /* FMResultSet.m in Sources */ = {isa = PBXBuildFile; fileRef = 8381E85E118E304D00A412EE /* FMResultSet.m */; };
		8381E872118E304D00A412EE /* FmdbMigration.m in Sources */ = {isa = PBXBuildFile; fileRef = 8381E861118E304D00A412EE /* FmdbMigration.m */; };
		8381E873118E304D00A412EE /* FmdbMigrationColumn.m in Sources */ = {isa = PBXBuildFile; fileRef = 8381E863118E304D00A412EE /* FmdbMigrationColumn.m */; };
		8381E874118E304D00A412EE /* FmdbMigrationManager.m in Sources */ = {isa = PBXBuildFile; fileRef = 8381E865118E304D00A412EE /* FmdbMigrationManager.m */; };
		8381E875118E304D00A412EE /* CreateLocations.m in Sources */ = {isa = PBXBuildFile; fileRef = 8381E868118E304D00A412EE /* CreateLocations.m */; };
		8381E876118E304D00A412EE /* OpenHouse.m in Sources */ = {isa = PBXBuildFile; fileRef = 8381E86A118E304D00A412EE /* OpenHouse.m */; };
		8381E877118E304D00A412EE /* OpenHouses.m in Sources */ = {isa = PBXBuildFile; fileRef = 8381E86C118E304D00A412EE /* OpenHouses.m */; };
		8381E89C118E321B00A412EE /* AddressController.m in Sources */ = {isa = PBXBuildFile; fileRef = 8381E880118E321B00A412EE /* AddressController.m */; };
		8381E89D118E321B00A412EE /* AddressResultCell.m in Sources */ = {isa = PBXBuildFile; fileRef = 8381E882118E321B00A412EE /* AddressResultCell.m */; };
		8381E89E118E321B00A412EE /* BrowseController.m in Sources */ = {isa = PBXBuildFile; fileRef = 8381E884118E321B00A412EE /* BrowseController.m */; };
		8381E89F118E321B00A412EE /* HistoryController.m in Sources */ = {isa = PBXBuildFile; fileRef = 8381E886118E321B00A412EE /* HistoryController.m */; };
		8381E8A0118E321B00A412EE /* MapViewController.m in Sources */ = {isa = PBXBuildFile; fileRef = 8381E889118E321B00A412EE /* MapViewController.m */; };
		8381E8A1118E321B00A412EE /* HouseTableCell.m in Sources */ = {isa = PBXBuildFile; fileRef = 8381E88C118E321B00A412EE /* HouseTableCell.m */; };
		8381E8A2118E321B00A412EE /* StatusView.m in Sources */ = {isa = PBXBuildFile; fileRef = 8381E88E118E321B00A412EE /* StatusView.m */; };
		8381E8A3118E321B00A412EE /* TableViewController.m in Sources */ = {isa = PBXBuildFile; fileRef = 8381E890118E321B00A412EE /* TableViewController.m */; };
		8381E8A4118E321B00A412EE /* DetailsController.m in Sources */ = {isa = PBXBuildFile; fileRef = 8381E893118E321B00A412EE /* DetailsController.m */; };
		8381E8A5118E321B00A412EE /* ImageTableController.m in Sources */ = {isa = PBXBuildFile; fileRef = 8381E895118E321B00A412EE /* ImageTableController.m */; };
		8381E8A6118E321B00A412EE /* SpecsView.m in Sources */ = {isa = PBXBuildFile; fileRef = 8381E897118E321B00A412EE /* SpecsView.m */; };
		8381E8A7118E321B00A412EE /* MainViewController.m in Sources */ = {isa = PBXBuildFile; fileRef = 8381E899118E321B00A412EE /* MainViewController.m */; };
		8381E8BB118E338E00A412EE /* ConnectionManager.m in Sources */ = {isa = PBXBuildFile; fileRef = 8381E8BA118E338E00A412EE /* ConnectionManager.m */; };
		83B89C47118F9E1200BB6116 /* DiskCache.m in Sources */ = {isa = PBXBuildFile; fileRef = 83B89C46118F9E1200BB6116 /* DiskCache.m */; };
		83BB08CF1197591900C05DE2 /* libFlurryWithLocation.a in Frameworks */ = {isa = PBXBuildFile; fileRef = 83BB08CE1197591900C05DE2 /* libFlurryWithLocation.a */; };
		83D61B87119E228600AAFDAD /* Default.png in Resources */ = {isa = PBXBuildFile; fileRef = 83D61B86119E228600AAFDAD /* Default.png */; };
		83D61BB0119F299900AAFDAD /* loadingThumb.png in Resources */ = {isa = PBXBuildFile; fileRef = 83D61BAF119F299900AAFDAD /* loadingThumb.png */; };
		83D61BB5119F2BAF00AAFDAD /* noThumb.png in Resources */ = {isa = PBXBuildFile; fileRef = 83D61BB4119F2BAF00AAFDAD /* noThumb.png */; };
		83D61C6C119F86D200AAFDAD /* HistoryManager.m in Sources */ = {isa = PBXBuildFile; fileRef = 83D61C6B119F86D200AAFDAD /* HistoryManager.m */; };
		83DAD803102164F9008CFD01 /* libsqlite3.dylib in Frameworks */ = {isa = PBXBuildFile; fileRef = 83DAD802102164F9008CFD01 /* libsqlite3.dylib */; };
		83DAD8AE10217B78008CFD01 /* openhouses.db in Resources */ = {isa = PBXBuildFile; fileRef = 83DAD8AD10217B78008CFD01 /* openhouses.db */; };
		83E55D0D0FB7F8C800ED0E37 /* MapKit.framework in Frameworks */ = {isa = PBXBuildFile; fileRef = 83E55D0C0FB7F8C800ED0E37 /* MapKit.framework */; };
		83FB83E5101ABF7600936F2C /* map.png in Resources */ = {isa = PBXBuildFile; fileRef = 83FB83E4101ABF7600936F2C /* map.png */; };
		83FB83F2101AC16700936F2C /* logo.png in Resources */ = {isa = PBXBuildFile; fileRef = 83FB83F1101AC16700936F2C /* logo.png */; };
		83FB854E101BD10500936F2C /* map.html in Resources */ = {isa = PBXBuildFile; fileRef = 83FB854D101BD10500936F2C /* map.html */; };
/* End PBXBuildFile section */

/* Begin PBXFileReference section */
		1D30AB110D05D00D00671497 /* Foundation.framework */ = {isa = PBXFileReference; lastKnownFileType = wrapper.framework; name = Foundation.framework; path = System/Library/Frameworks/Foundation.framework; sourceTree = SDKROOT; };
		1D3623240D0F684500981E51 /* OpenHousesAppDelegate.h */ = {isa = PBXFileReference; fileEncoding = 4; lastKnownFileType = sourcecode.c.h; name = OpenHousesAppDelegate.h; path = Classes/OpenHousesAppDelegate.h; sourceTree = "<group>"; };
		1D3623250D0F684500981E51 /* OpenHousesAppDelegate.m */ = {isa = PBXFileReference; fileEncoding = 4; lastKnownFileType = sourcecode.c.objc; name = OpenHousesAppDelegate.m; path = Classes/OpenHousesAppDelegate.m; sourceTree = "<group>"; };
		1D6058910D05DD3D006BFB54 /* OpenHouse.app */ = {isa = PBXFileReference; explicitFileType = wrapper.application; includeInIndex = 0; path = OpenHouse.app; sourceTree = BUILT_PRODUCTS_DIR; };
		1DF5F4DF0D08C38300B7A737 /* UIKit.framework */ = {isa = PBXFileReference; lastKnownFileType = wrapper.framework; name = UIKit.framework; path = System/Library/Frameworks/UIKit.framework; sourceTree = SDKROOT; };
		288765A40DF7441C002DB57D /* CoreGraphics.framework */ = {isa = PBXFileReference; lastKnownFileType = wrapper.framework; name = CoreGraphics.framework; path = System/Library/Frameworks/CoreGraphics.framework; sourceTree = SDKROOT; };
		28AD733E0D9D9553002E5188 /* MainWindow.xib */ = {isa = PBXFileReference; lastKnownFileType = file.xib; path = MainWindow.xib; sourceTree = "<group>"; };
		29B97316FDCFA39411CA2CEA /* main.m */ = {isa = PBXFileReference; fileEncoding = 4; lastKnownFileType = sourcecode.c.objc; path = main.m; sourceTree = "<group>"; };
		32CA4F630368D1EE00C91783 /* OpenHouse_Prefix.pch */ = {isa = PBXFileReference; fileEncoding = 4; lastKnownFileType = sourcecode.c.h; path = OpenHouse_Prefix.pch; sourceTree = "<group>"; };
		834A9F2E1005C7EC00B87E53 /* list.png */ = {isa = PBXFileReference; lastKnownFileType = image.png; name = list.png; path = resources/list.png; sourceTree = "<group>"; };
		835B0F910FC13108007F818F /* CoreLocation.framework */ = {isa = PBXFileReference; lastKnownFileType = wrapper.framework; name = CoreLocation.framework; path = System/Library/Frameworks/CoreLocation.framework; sourceTree = SDKROOT; };
		836107891006D596007082CD /* down.png */ = {isa = PBXFileReference; lastKnownFileType = image.png; name = down.png; path = resources/down.png; sourceTree = "<group>"; };
		8361078A1006D596007082CD /* up.png */ = {isa = PBXFileReference; lastKnownFileType = image.png; name = up.png; path = resources/up.png; sourceTree = "<group>"; };
		8381E82E118E2F9900A412EE /* CDataScanner.h */ = {isa = PBXFileReference; fileEncoding = 4; lastKnownFileType = sourcecode.c.h; path = CDataScanner.h; sourceTree = "<group>"; };
		8381E82F118E2F9900A412EE /* CDataScanner.m */ = {isa = PBXFileReference; fileEncoding = 4; lastKnownFileType = sourcecode.c.objc; path = CDataScanner.m; sourceTree = "<group>"; };
		8381E831118E2F9900A412EE /* CDataScanner_Extensions.h */ = {isa = PBXFileReference; fileEncoding = 4; lastKnownFileType = sourcecode.c.h; path = CDataScanner_Extensions.h; sourceTree = "<group>"; };
		8381E832118E2F9900A412EE /* CDataScanner_Extensions.m */ = {isa = PBXFileReference; fileEncoding = 4; lastKnownFileType = sourcecode.c.objc; path = CDataScanner_Extensions.m; sourceTree = "<group>"; };
		8381E833118E2F9900A412EE /* NSCharacterSet_Extensions.h */ = {isa = PBXFileReference; fileEncoding = 4; lastKnownFileType = sourcecode.c.h; path = NSCharacterSet_Extensions.h; sourceTree = "<group>"; };
		8381E834118E2F9900A412EE /* NSCharacterSet_Extensions.m */ = {isa = PBXFileReference; fileEncoding = 4; lastKnownFileType = sourcecode.c.objc; path = NSCharacterSet_Extensions.m; sourceTree = "<group>"; };
		8381E835118E2F9900A412EE /* NSDictionary_JSONExtensions.h */ = {isa = PBXFileReference; fileEncoding = 4; lastKnownFileType = sourcecode.c.h; path = NSDictionary_JSONExtensions.h; sourceTree = "<group>"; };
		8381E836118E2F9900A412EE /* NSDictionary_JSONExtensions.m */ = {isa = PBXFileReference; fileEncoding = 4; lastKnownFileType = sourcecode.c.objc; path = NSDictionary_JSONExtensions.m; sourceTree = "<group>"; };
		8381E837118E2F9900A412EE /* NSScanner_Extensions.h */ = {isa = PBXFileReference; fileEncoding = 4; lastKnownFileType = sourcecode.c.h; path = NSScanner_Extensions.h; sourceTree = "<group>"; };
		8381E838118E2F9900A412EE /* NSScanner_Extensions.m */ = {isa = PBXFileReference; fileEncoding = 4; lastKnownFileType = sourcecode.c.objc; path = NSScanner_Extensions.m; sourceTree = "<group>"; };
		8381E83A118E2F9900A412EE /* CJSONDeserializer.h */ = {isa = PBXFileReference; fileEncoding = 4; lastKnownFileType = sourcecode.c.h; path = CJSONDeserializer.h; sourceTree = "<group>"; };
		8381E83B118E2F9900A412EE /* CJSONDeserializer.m */ = {isa = PBXFileReference; fileEncoding = 4; lastKnownFileType = sourcecode.c.objc; path = CJSONDeserializer.m; sourceTree = "<group>"; };
		8381E83C118E2F9900A412EE /* CJSONScanner.h */ = {isa = PBXFileReference; fileEncoding = 4; lastKnownFileType = sourcecode.c.h; path = CJSONScanner.h; sourceTree = "<group>"; };
		8381E83D118E2F9900A412EE /* CJSONScanner.m */ = {isa = PBXFileReference; fileEncoding = 4; lastKnownFileType = sourcecode.c.objc; path = CJSONScanner.m; sourceTree = "<group>"; };
		8381E83E118E2F9900A412EE /* CJSONSerializer.h */ = {isa = PBXFileReference; fileEncoding = 4; lastKnownFileType = sourcecode.c.h; path = CJSONSerializer.h; sourceTree = "<group>"; };
		8381E83F118E2F9900A412EE /* CJSONSerializer.m */ = {isa = PBXFileReference; fileEncoding = 4; lastKnownFileType = sourcecode.c.objc; path = CJSONSerializer.m; sourceTree = "<group>"; };
		8381E855118E304D00A412EE /* Database.h */ = {isa = PBXFileReference; fileEncoding = 4; lastKnownFileType = sourcecode.c.h; path = Database.h; sourceTree = "<group>"; };
		8381E856118E304D00A412EE /* Database.m */ = {isa = PBXFileReference; fileEncoding = 4; lastKnownFileType = sourcecode.c.objc; path = Database.m; sourceTree = "<group>"; };
		8381E858118E304D00A412EE /* FMDatabase.h */ = {isa = PBXFileReference; fileEncoding = 4; lastKnownFileType = sourcecode.c.h; path = FMDatabase.h; sourceTree = "<group>"; };
		8381E859118E304D00A412EE /* FMDatabase.m */ = {isa = PBXFileReference; fileEncoding = 4; lastKnownFileType = sourcecode.c.objc; path = FMDatabase.m; sourceTree = "<group>"; };
		8381E85A118E304D00A412EE /* FMDatabaseAdditions.h */ = {isa = PBXFileReference; fileEncoding = 4; lastKnownFileType = sourcecode.c.h; path = FMDatabaseAdditions.h; sourceTree = "<group>"; };
		8381E85B118E304D00A412EE /* FMDatabaseAdditions.m */ = {isa = PBXFileReference; fileEncoding = 4; lastKnownFileType = sourcecode.c.objc; path = FMDatabaseAdditions.m; sourceTree = "<group>"; };
		8381E85C118E304D00A412EE /* fmdb.m */ = {isa = PBXFileReference; fileEncoding = 4; lastKnownFileType = sourcecode.c.objc; path = fmdb.m; sourceTree = "<group>"; };
		8381E85D118E304D00A412EE /* FMResultSet.h */ = {isa = PBXFileReference; fileEncoding = 4; lastKnownFileType = sourcecode.c.h; path = FMResultSet.h; sourceTree = "<group>"; };
		8381E85E118E304D00A412EE /* FMResultSet.m */ = {isa = PBXFileReference; fileEncoding = 4; lastKnownFileType = sourcecode.c.objc; path = FMResultSet.m; sourceTree = "<group>"; };
		8381E860118E304D00A412EE /* FmdbMigration.h */ = {isa = PBXFileReference; fileEncoding = 4; lastKnownFileType = sourcecode.c.h; path = FmdbMigration.h; sourceTree = "<group>"; };
		8381E861118E304D00A412EE /* FmdbMigration.m */ = {isa = PBXFileReference; fileEncoding = 4; lastKnownFileType = sourcecode.c.objc; path = FmdbMigration.m; sourceTree = "<group>"; };
		8381E862118E304D00A412EE /* FmdbMigrationColumn.h */ = {isa = PBXFileReference; fileEncoding = 4; lastKnownFileType = sourcecode.c.h; path = FmdbMigrationColumn.h; sourceTree = "<group>"; };
		8381E863118E304D00A412EE /* FmdbMigrationColumn.m */ = {isa = PBXFileReference; fileEncoding = 4; lastKnownFileType = sourcecode.c.objc; path = FmdbMigrationColumn.m; sourceTree = "<group>"; };
		8381E864118E304D00A412EE /* FmdbMigrationManager.h */ = {isa = PBXFileReference; fileEncoding = 4; lastKnownFileType = sourcecode.c.h; path = FmdbMigrationManager.h; sourceTree = "<group>"; };
		8381E865118E304D00A412EE /* FmdbMigrationManager.m */ = {isa = PBXFileReference; fileEncoding = 4; lastKnownFileType = sourcecode.c.objc; path = FmdbMigrationManager.m; sourceTree = "<group>"; };
		8381E867118E304D00A412EE /* CreateLocations.h */ = {isa = PBXFileReference; fileEncoding = 4; lastKnownFileType = sourcecode.c.h; path = CreateLocations.h; sourceTree = "<group>"; };
		8381E868118E304D00A412EE /* CreateLocations.m */ = {isa = PBXFileReference; fileEncoding = 4; lastKnownFileType = sourcecode.c.objc; path = CreateLocations.m; sourceTree = "<group>"; };
		8381E869118E304D00A412EE /* OpenHouse.h */ = {isa = PBXFileReference; fileEncoding = 4; lastKnownFileType = sourcecode.c.h; path = OpenHouse.h; sourceTree = "<group>"; };
		8381E86A118E304D00A412EE /* OpenHouse.m */ = {isa = PBXFileReference; fileEncoding = 4; lastKnownFileType = sourcecode.c.objc; path = OpenHouse.m; sourceTree = "<group>"; };
		8381E86B118E304D00A412EE /* OpenHouses.h */ = {isa = PBXFileReference; fileEncoding = 4; lastKnownFileType = sourcecode.c.h; path = OpenHouses.h; sourceTree = "<group>"; };
		8381E86C118E304D00A412EE /* OpenHouses.m */ = {isa = PBXFileReference; fileEncoding = 4; lastKnownFileType = sourcecode.c.objc; path = OpenHouses.m; sourceTree = "<group>"; };
		8381E87F118E321B00A412EE /* AddressController.h */ = {isa = PBXFileReference; fileEncoding = 4; lastKnownFileType = sourcecode.c.h; path = AddressController.h; sourceTree = "<group>"; };
		8381E880118E321B00A412EE /* AddressController.m */ = {isa = PBXFileReference; fileEncoding = 4; lastKnownFileType = sourcecode.c.objc; path = AddressController.m; sourceTree = "<group>"; };
		8381E881118E321B00A412EE /* AddressResultCell.h */ = {isa = PBXFileReference; fileEncoding = 4; lastKnownFileType = sourcecode.c.h; path = AddressResultCell.h; sourceTree = "<group>"; };
		8381E882118E321B00A412EE /* AddressResultCell.m */ = {isa = PBXFileReference; fileEncoding = 4; lastKnownFileType = sourcecode.c.objc; path = AddressResultCell.m; sourceTree = "<group>"; };
		8381E883118E321B00A412EE /* BrowseController.h */ = {isa = PBXFileReference; fileEncoding = 4; lastKnownFileType = sourcecode.c.h; path = BrowseController.h; sourceTree = "<group>"; };
		8381E884118E321B00A412EE /* BrowseController.m */ = {isa = PBXFileReference; fileEncoding = 4; lastKnownFileType = sourcecode.c.objc; path = BrowseController.m; sourceTree = "<group>"; };
		8381E885118E321B00A412EE /* HistoryController.h */ = {isa = PBXFileReference; fileEncoding = 4; lastKnownFileType = sourcecode.c.h; path = HistoryController.h; sourceTree = "<group>"; };
		8381E886118E321B00A412EE /* HistoryController.m */ = {isa = PBXFileReference; fileEncoding = 4; lastKnownFileType = sourcecode.c.objc; path = HistoryController.m; sourceTree = "<group>"; };
		8381E888118E321B00A412EE /* MapViewController.h */ = {isa = PBXFileReference; fileEncoding = 4; lastKnownFileType = sourcecode.c.h; path = MapViewController.h; sourceTree = "<group>"; };
		8381E889118E321B00A412EE /* MapViewController.m */ = {isa = PBXFileReference; fileEncoding = 4; lastKnownFileType = sourcecode.c.objc; path = MapViewController.m; sourceTree = "<group>"; };
		8381E88B118E321B00A412EE /* HouseTableCell.h */ = {isa = PBXFileReference; fileEncoding = 4; lastKnownFileType = sourcecode.c.h; path = HouseTableCell.h; sourceTree = "<group>"; };
		8381E88C118E321B00A412EE /* HouseTableCell.m */ = {isa = PBXFileReference; fileEncoding = 4; lastKnownFileType = sourcecode.c.objc; path = HouseTableCell.m; sourceTree = "<group>"; };
		8381E88D118E321B00A412EE /* StatusView.h */ = {isa = PBXFileReference; fileEncoding = 4; lastKnownFileType = sourcecode.c.h; path = StatusView.h; sourceTree = "<group>"; };
		8381E88E118E321B00A412EE /* StatusView.m */ = {isa = PBXFileReference; fileEncoding = 4; lastKnownFileType = sourcecode.c.objc; path = StatusView.m; sourceTree = "<group>"; };
		8381E88F118E321B00A412EE /* TableViewController.h */ = {isa = PBXFileReference; fileEncoding = 4; lastKnownFileType = sourcecode.c.h; path = TableViewController.h; sourceTree = "<group>"; };
		8381E890118E321B00A412EE /* TableViewController.m */ = {isa = PBXFileReference; fileEncoding = 4; lastKnownFileType = sourcecode.c.objc; path = TableViewController.m; sourceTree = "<group>"; };
		8381E892118E321B00A412EE /* DetailsController.h */ = {isa = PBXFileReference; fileEncoding = 4; lastKnownFileType = sourcecode.c.h; path = DetailsController.h; sourceTree = "<group>"; };
		8381E893118E321B00A412EE /* DetailsController.m */ = {isa = PBXFileReference; fileEncoding = 4; lastKnownFileType = sourcecode.c.objc; path = DetailsController.m; sourceTree = "<group>"; };
		8381E894118E321B00A412EE /* ImageTableController.h */ = {isa = PBXFileReference; fileEncoding = 4; lastKnownFileType = sourcecode.c.h; path = ImageTableController.h; sourceTree = "<group>"; };
		8381E895118E321B00A412EE /* ImageTableController.m */ = {isa = PBXFileReference; fileEncoding = 4; lastKnownFileType = sourcecode.c.objc; path = ImageTableController.m; sourceTree = "<group>"; };
		8381E896118E321B00A412EE /* SpecsView.h */ = {isa = PBXFileReference; fileEncoding = 4; lastKnownFileType = sourcecode.c.h; path = SpecsView.h; sourceTree = "<group>"; };
		8381E897118E321B00A412EE /* SpecsView.m */ = {isa = PBXFileReference; fileEncoding = 4; lastKnownFileType = sourcecode.c.objc; path = SpecsView.m; sourceTree = "<group>"; };
		8381E898118E321B00A412EE /* MainViewController.h */ = {isa = PBXFileReference; fileEncoding = 4; lastKnownFileType = sourcecode.c.h; path = MainViewController.h; sourceTree = "<group>"; };
		8381E899118E321B00A412EE /* MainViewController.m */ = {isa = PBXFileReference; fileEncoding = 4; lastKnownFileType = sourcecode.c.objc; path = MainViewController.m; sourceTree = "<group>"; };
		8381E8B9118E338E00A412EE /* ConnectionManager.h */ = {isa = PBXFileReference; fileEncoding = 4; lastKnownFileType = sourcecode.c.h; path = ConnectionManager.h; sourceTree = "<group>"; };
		8381E8BA118E338E00A412EE /* ConnectionManager.m */ = {isa = PBXFileReference; fileEncoding = 4; lastKnownFileType = sourcecode.c.objc; path = ConnectionManager.m; sourceTree = "<group>"; };
		83B89C45118F9E1200BB6116 /* DiskCache.h */ = {isa = PBXFileReference; fileEncoding = 4; lastKnownFileType = sourcecode.c.h; path = DiskCache.h; sourceTree = "<group>"; };
		83B89C46118F9E1200BB6116 /* DiskCache.m */ = {isa = PBXFileReference; fileEncoding = 4; lastKnownFileType = sourcecode.c.objc; path = DiskCache.m; sourceTree = "<group>"; };
		83BB08CC1197591900C05DE2 /* FlurryAdDelegate.h */ = {isa = PBXFileReference; fileEncoding = 4; lastKnownFileType = sourcecode.c.h; name = FlurryAdDelegate.h; path = "/Applications/Flurry iPhone SDK v2.2/FlurryLibWithLocation/FlurryAdDelegate.h"; sourceTree = "<absolute>"; };
		83BB08CD1197591900C05DE2 /* FlurryAPI.h */ = {isa = PBXFileReference; fileEncoding = 4; lastKnownFileType = sourcecode.c.h; name = FlurryAPI.h; path = "/Applications/Flurry iPhone SDK v2.2/FlurryLibWithLocation/FlurryAPI.h"; sourceTree = "<absolute>"; };
		83BB08CE1197591900C05DE2 /* libFlurryWithLocation.a */ = {isa = PBXFileReference; lastKnownFileType = archive.ar; name = libFlurryWithLocation.a; path = "/Applications/Flurry iPhone SDK v2.2/FlurryLibWithLocation/libFlurryWithLocation.a"; sourceTree = "<absolute>"; };
		83D61B86119E228600AAFDAD /* Default.png */ = {isa = PBXFileReference; lastKnownFileType = image.png; name = Default.png; path = resources/Default.png; sourceTree = "<group>"; };
		83D61BAF119F299900AAFDAD /* loadingThumb.png */ = {isa = PBXFileReference; lastKnownFileType = image.png; name = loadingThumb.png; path = resources/loadingThumb.png; sourceTree = "<group>"; };
		83D61BB4119F2BAF00AAFDAD /* noThumb.png */ = {isa = PBXFileReference; lastKnownFileType = image.png; name = noThumb.png; path = resources/noThumb.png; sourceTree = "<group>"; };
		83D61C6A119F86D200AAFDAD /* HistoryManager.h */ = {isa = PBXFileReference; fileEncoding = 4; lastKnownFileType = sourcecode.c.h; path = HistoryManager.h; sourceTree = "<group>"; };
		83D61C6B119F86D200AAFDAD /* HistoryManager.m */ = {isa = PBXFileReference; fileEncoding = 4; lastKnownFileType = sourcecode.c.objc; path = HistoryManager.m; sourceTree = "<group>"; };
		83DAD802102164F9008CFD01 /* libsqlite3.dylib */ = {isa = PBXFileReference; lastKnownFileType = "compiled.mach-o.dylib"; name = libsqlite3.dylib; path = /usr/lib/libsqlite3.dylib; sourceTree = "<absolute>"; };
		83DAD8AD10217B78008CFD01 /* openhouses.db */ = {isa = PBXFileReference; fileEncoding = 4; lastKnownFileType = text; name = openhouses.db; path = resources/openhouses.db; sourceTree = "<group>"; };
		83E55D0C0FB7F8C800ED0E37 /* MapKit.framework */ = {isa = PBXFileReference; lastKnownFileType = wrapper.framework; name = MapKit.framework; path = System/Library/Frameworks/MapKit.framework; sourceTree = SDKROOT; };
		83FB83E4101ABF7600936F2C /* map.png */ = {isa = PBXFileReference; lastKnownFileType = image.png; name = map.png; path = resources/map.png; sourceTree = "<group>"; };
		83FB83F1101AC16700936F2C /* logo.png */ = {isa = PBXFileReference; lastKnownFileType = image.png; name = logo.png; path = resources/logo.png; sourceTree = "<group>"; };
		83FB854D101BD10500936F2C /* map.html */ = {isa = PBXFileReference; fileEncoding = 4; lastKnownFileType = text.html; name = map.html; path = resources/map.html; sourceTree = "<group>"; };
		83FBC9870FCD07320008C3BC /* Constants.h */ = {isa = PBXFileReference; fileEncoding = 4; lastKnownFileType = sourcecode.c.h; path = Constants.h; sourceTree = "<group>"; };
		83FBCA3C0FCD09C50008C3BC /* SynthesizeSingleton.h */ = {isa = PBXFileReference; fileEncoding = 4; lastKnownFileType = sourcecode.c.h; path = SynthesizeSingleton.h; sourceTree = "<group>"; };
		8D1107310486CEB800E47090 /* OpenHouse-Info.plist */ = {isa = PBXFileReference; fileEncoding = 4; lastKnownFileType = text.plist.xml; path = "OpenHouse-Info.plist"; plistStructureDefinitionIdentifier = "com.apple.xcode.plist.structure-definition.iphone.info-plist"; sourceTree = "<group>"; };
/* End PBXFileReference section */

/* Begin PBXFrameworksBuildPhase section */
		1D60588F0D05DD3D006BFB54 /* Frameworks */ = {
			isa = PBXFrameworksBuildPhase;
			buildActionMask = 2147483647;
			files = (
				1D60589F0D05DD5A006BFB54 /* Foundation.framework in Frameworks */,
				1DF5F4E00D08C38300B7A737 /* UIKit.framework in Frameworks */,
				288765A50DF7441C002DB57D /* CoreGraphics.framework in Frameworks */,
				83E55D0D0FB7F8C800ED0E37 /* MapKit.framework in Frameworks */,
				835B0F920FC13108007F818F /* CoreLocation.framework in Frameworks */,
				83DAD803102164F9008CFD01 /* libsqlite3.dylib in Frameworks */,
				83BB08CF1197591900C05DE2 /* libFlurryWithLocation.a in Frameworks */,
			);
			runOnlyForDeploymentPostprocessing = 0;
		};
/* End PBXFrameworksBuildPhase section */

/* Begin PBXGroup section */
		080E96DDFE201D6D7F000001 /* Classes */ = {
			isa = PBXGroup;
			children = (
				8381E81F118E2F9900A412EE /* API */,
				8381E853118E304D00A412EE /* Model */,
				8381E87D118E321B00A412EE /* UI */,
			);
			path = Classes;
			sourceTree = "<group>";
		};
		19C28FACFE9D520D11CA2CBB /* Products */ = {
			isa = PBXGroup;
			children = (
				1D6058910D05DD3D006BFB54 /* OpenHouse.app */,
			);
			name = Products;
			sourceTree = "<group>";
		};
		29B97314FDCFA39411CA2CEA /* CustomTemplate */ = {
			isa = PBXGroup;
			children = (
				080E96DDFE201D6D7F000001 /* Classes */,
				1D3623240D0F684500981E51 /* OpenHousesAppDelegate.h */,
				1D3623250D0F684500981E51 /* OpenHousesAppDelegate.m */,
				29B97315FDCFA39411CA2CEA /* Other Sources */,
				29B97317FDCFA39411CA2CEA /* Resources */,
				29B97323FDCFA39411CA2CEA /* Frameworks */,
				19C28FACFE9D520D11CA2CBB /* Products */,
			);
			name = CustomTemplate;
			sourceTree = "<group>";
		};
		29B97315FDCFA39411CA2CEA /* Other Sources */ = {
			isa = PBXGroup;
			children = (
				83FBC9870FCD07320008C3BC /* Constants.h */,
				83FBCA3C0FCD09C50008C3BC /* SynthesizeSingleton.h */,
				32CA4F630368D1EE00C91783 /* OpenHouse_Prefix.pch */,
				29B97316FDCFA39411CA2CEA /* main.m */,
			);
			name = "Other Sources";
			sourceTree = "<group>";
		};
		29B97317FDCFA39411CA2CEA /* Resources */ = {
			isa = PBXGroup;
			children = (
				83D61BB4119F2BAF00AAFDAD /* noThumb.png */,
				83D61BAF119F299900AAFDAD /* loadingThumb.png */,
				83D61B86119E228600AAFDAD /* Default.png */,
				83DAD8AD10217B78008CFD01 /* openhouses.db */,
				83FB83F1101AC16700936F2C /* logo.png */,
				83FB83E4101ABF7600936F2C /* map.png */,
				836107891006D596007082CD /* down.png */,
				8361078A1006D596007082CD /* up.png */,
				834A9F2E1005C7EC00B87E53 /* list.png */,
				28AD733E0D9D9553002E5188 /* MainWindow.xib */,
				8D1107310486CEB800E47090 /* OpenHouse-Info.plist */,
				83FB854D101BD10500936F2C /* map.html */,
			);
			name = Resources;
			sourceTree = "<group>";
		};
		29B97323FDCFA39411CA2CEA /* Frameworks */ = {
			isa = PBXGroup;
			children = (
				83DAD802102164F9008CFD01 /* libsqlite3.dylib */,
				835B0F910FC13108007F818F /* CoreLocation.framework */,
				83E55D0C0FB7F8C800ED0E37 /* MapKit.framework */,
				1DF5F4DF0D08C38300B7A737 /* UIKit.framework */,
				1D30AB110D05D00D00671497 /* Foundation.framework */,
				288765A40DF7441C002DB57D /* CoreGraphics.framework */,
			);
			name = Frameworks;
			sourceTree = "<group>";
		};
		8381E81F118E2F9900A412EE /* API */ = {
			isa = PBXGroup;
			children = (
				83BB08CB1197591900C05DE2 /* FlurryLibWithLocation */,
				8381E820118E2F9900A412EE /* DiskCache */,
				8381E824118E2F9900A412EE /* REST */,
				8381E82D118E2F9900A412EE /* TouchJSON */,
			);
			path = API;
			sourceTree = "<group>";
		};
		8381E820118E2F9900A412EE /* DiskCache */ = {
			isa = PBXGroup;
			children = (
				83B89C45118F9E1200BB6116 /* DiskCache.h */,
				83B89C46118F9E1200BB6116 /* DiskCache.m */,
			);
			path = DiskCache;
			sourceTree = "<group>";
		};
		8381E824118E2F9900A412EE /* REST */ = {
			isa = PBXGroup;
			children = (
				8381E8B9118E338E00A412EE /* ConnectionManager.h */,
				8381E8BA118E338E00A412EE /* ConnectionManager.m */,
			);
			path = REST;
			sourceTree = "<group>";
		};
		8381E82D118E2F9900A412EE /* TouchJSON */ = {
			isa = PBXGroup;
			children = (
				8381E82E118E2F9900A412EE /* CDataScanner.h */,
				8381E82F118E2F9900A412EE /* CDataScanner.m */,
				8381E830118E2F9900A412EE /* Extensions */,
				8381E839118E2F9900A412EE /* JSON */,
			);
			path = TouchJSON;
			sourceTree = "<group>";
		};
		8381E830118E2F9900A412EE /* Extensions */ = {
			isa = PBXGroup;
			children = (
				8381E831118E2F9900A412EE /* CDataScanner_Extensions.h */,
				8381E832118E2F9900A412EE /* CDataScanner_Extensions.m */,
				8381E833118E2F9900A412EE /* NSCharacterSet_Extensions.h */,
				8381E834118E2F9900A412EE /* NSCharacterSet_Extensions.m */,
				8381E835118E2F9900A412EE /* NSDictionary_JSONExtensions.h */,
				8381E836118E2F9900A412EE /* NSDictionary_JSONExtensions.m */,
				8381E837118E2F9900A412EE /* NSScanner_Extensions.h */,
				8381E838118E2F9900A412EE /* NSScanner_Extensions.m */,
			);
			path = Extensions;
			sourceTree = "<group>";
		};
		8381E839118E2F9900A412EE /* JSON */ = {
			isa = PBXGroup;
			children = (
				8381E83A118E2F9900A412EE /* CJSONDeserializer.h */,
				8381E83B118E2F9900A412EE /* CJSONDeserializer.m */,
				8381E83C118E2F9900A412EE /* CJSONScanner.h */,
				8381E83D118E2F9900A412EE /* CJSONScanner.m */,
				8381E83E118E2F9900A412EE /* CJSONSerializer.h */,
				8381E83F118E2F9900A412EE /* CJSONSerializer.m */,
			);
			path = JSON;
			sourceTree = "<group>";
		};
		8381E853118E304D00A412EE /* Model */ = {
			isa = PBXGroup;
			children = (
				83D61C69119F86D200AAFDAD /* HistoryManager */,
				8381E854118E304D00A412EE /* DB */,
				8381E869118E304D00A412EE /* OpenHouse.h */,
				8381E86A118E304D00A412EE /* OpenHouse.m */,
				8381E86B118E304D00A412EE /* OpenHouses.h */,
				8381E86C118E304D00A412EE /* OpenHouses.m */,
			);
			path = Model;
			sourceTree = "<group>";
		};
		8381E854118E304D00A412EE /* DB */ = {
			isa = PBXGroup;
			children = (
				8381E855118E304D00A412EE /* Database.h */,
				8381E856118E304D00A412EE /* Database.m */,
				8381E857118E304D00A412EE /* FMDB */,
				8381E85F118E304D00A412EE /* MigrationManager */,
				8381E866118E304D00A412EE /* Migrations */,
			);
			path = DB;
			sourceTree = "<group>";
		};
		8381E857118E304D00A412EE /* FMDB */ = {
			isa = PBXGroup;
			children = (
				8381E858118E304D00A412EE /* FMDatabase.h */,
				8381E859118E304D00A412EE /* FMDatabase.m */,
				8381E85A118E304D00A412EE /* FMDatabaseAdditions.h */,
				8381E85B118E304D00A412EE /* FMDatabaseAdditions.m */,
				8381E85C118E304D00A412EE /* fmdb.m */,
				8381E85D118E304D00A412EE /* FMResultSet.h */,
				8381E85E118E304D00A412EE /* FMResultSet.m */,
			);
			path = FMDB;
			sourceTree = "<group>";
		};
		8381E85F118E304D00A412EE /* MigrationManager */ = {
			isa = PBXGroup;
			children = (
				8381E860118E304D00A412EE /* FmdbMigration.h */,
				8381E861118E304D00A412EE /* FmdbMigration.m */,
				8381E862118E304D00A412EE /* FmdbMigrationColumn.h */,
				8381E863118E304D00A412EE /* FmdbMigrationColumn.m */,
				8381E864118E304D00A412EE /* FmdbMigrationManager.h */,
				8381E865118E304D00A412EE /* FmdbMigrationManager.m */,
			);
			path = MigrationManager;
			sourceTree = "<group>";
		};
		8381E866118E304D00A412EE /* Migrations */ = {
			isa = PBXGroup;
			children = (
				8381E867118E304D00A412EE /* CreateLocations.h */,
				8381E868118E304D00A412EE /* CreateLocations.m */,
			);
			path = Migrations;
			sourceTree = "<group>";
		};
		8381E87D118E321B00A412EE /* UI */ = {
			isa = PBXGroup;
			children = (
				8381E87E118E321B00A412EE /* Browse */,
				8381E891118E321B00A412EE /* Details */,
				8381E898118E321B00A412EE /* MainViewController.h */,
				8381E899118E321B00A412EE /* MainViewController.m */,
			);
			path = UI;
			sourceTree = "<group>";
		};
		8381E87E118E321B00A412EE /* Browse */ = {
			isa = PBXGroup;
			children = (
				8381E87F118E321B00A412EE /* AddressController.h */,
				8381E880118E321B00A412EE /* AddressController.m */,
				8381E881118E321B00A412EE /* AddressResultCell.h */,
				8381E882118E321B00A412EE /* AddressResultCell.m */,
				8381E883118E321B00A412EE /* BrowseController.h */,
				8381E884118E321B00A412EE /* BrowseController.m */,
				8381E885118E321B00A412EE /* HistoryController.h */,
				8381E886118E321B00A412EE /* HistoryController.m */,
				8381E887118E321B00A412EE /* Map */,
				8381E88A118E321B00A412EE /* Table */,
			);
			path = Browse;
			sourceTree = "<group>";
		};
		8381E887118E321B00A412EE /* Map */ = {
			isa = PBXGroup;
			children = (
				8381E888118E321B00A412EE /* MapViewController.h */,
				8381E889118E321B00A412EE /* MapViewController.m */,
			);
			path = Map;
			sourceTree = "<group>";
		};
		8381E88A118E321B00A412EE /* Table */ = {
			isa = PBXGroup;
			children = (
				8381E88B118E321B00A412EE /* HouseTableCell.h */,
				8381E88C118E321B00A412EE /* HouseTableCell.m */,
				8381E88D118E321B00A412EE /* StatusView.h */,
				8381E88E118E321B00A412EE /* StatusView.m */,
				8381E88F118E321B00A412EE /* TableViewController.h */,
				8381E890118E321B00A412EE /* TableViewController.m */,
			);
			path = Table;
			sourceTree = "<group>";
		};
		8381E891118E321B00A412EE /* Details */ = {
			isa = PBXGroup;
			children = (
				8381E892118E321B00A412EE /* DetailsController.h */,
				8381E893118E321B00A412EE /* DetailsController.m */,
				8381E894118E321B00A412EE /* ImageTableController.h */,
				8381E895118E321B00A412EE /* ImageTableController.m */,
				8381E896118E321B00A412EE /* SpecsView.h */,
				8381E897118E321B00A412EE /* SpecsView.m */,
			);
			path = Details;
			sourceTree = "<group>";
		};
		83BB08CB1197591900C05DE2 /* FlurryLibWithLocation */ = {
			isa = PBXGroup;
			children = (
				83BB08CC1197591900C05DE2 /* FlurryAdDelegate.h */,
				83BB08CD1197591900C05DE2 /* FlurryAPI.h */,
				83BB08CE1197591900C05DE2 /* libFlurryWithLocation.a */,
			);
			name = FlurryLibWithLocation;
			path = "/Applications/Flurry iPhone SDK v2.2/FlurryLibWithLocation";
			sourceTree = "<absolute>";
		};
		83D61C69119F86D200AAFDAD /* HistoryManager */ = {
			isa = PBXGroup;
			children = (
				83D61C6A119F86D200AAFDAD /* HistoryManager.h */,
				83D61C6B119F86D200AAFDAD /* HistoryManager.m */,
			);
			path = HistoryManager;
			sourceTree = "<group>";
		};
/* End PBXGroup section */

/* Begin PBXNativeTarget section */
		1D6058900D05DD3D006BFB54 /* OpenHouse */ = {
			isa = PBXNativeTarget;
			buildConfigurationList = 1D6058960D05DD3E006BFB54 /* Build configuration list for PBXNativeTarget "OpenHouse" */;
			buildPhases = (
				1D60588D0D05DD3D006BFB54 /* Resources */,
				1D60588E0D05DD3D006BFB54 /* Sources */,
				1D60588F0D05DD3D006BFB54 /* Frameworks */,
			);
			buildRules = (
			);
			dependencies = (
			);
			name = OpenHouse;
			productName = OpenHouses;
			productReference = 1D6058910D05DD3D006BFB54 /* OpenHouse.app */;
			productType = "com.apple.product-type.application";
		};
/* End PBXNativeTarget section */

/* Begin PBXProject section */
		29B97313FDCFA39411CA2CEA /* Project object */ = {
			isa = PBXProject;
			buildConfigurationList = C01FCF4E08A954540054247B /* Build configuration list for PBXProject "OpenHouse" */;
			compatibilityVersion = "Xcode 3.1";
			hasScannedForEncodings = 1;
			mainGroup = 29B97314FDCFA39411CA2CEA /* CustomTemplate */;
			projectDirPath = "";
			projectRoot = "";
			targets = (
				1D6058900D05DD3D006BFB54 /* OpenHouse */,
			);
		};
/* End PBXProject section */

/* Begin PBXResourcesBuildPhase section */
		1D60588D0D05DD3D006BFB54 /* Resources */ = {
			isa = PBXResourcesBuildPhase;
			buildActionMask = 2147483647;
			files = (
				28AD733F0D9D9553002E5188 /* MainWindow.xib in Resources */,
				834A9F2F1005C7EC00B87E53 /* list.png in Resources */,
				8361078B1006D596007082CD /* down.png in Resources */,
				8361078C1006D596007082CD /* up.png in Resources */,
				83FB83E5101ABF7600936F2C /* map.png in Resources */,
				83FB83F2101AC16700936F2C /* logo.png in Resources */,
				83FB854E101BD10500936F2C /* map.html in Resources */,
				83DAD8AE10217B78008CFD01 /* openhouses.db in Resources */,
				83D61B87119E228600AAFDAD /* Default.png in Resources */,
				83D61BB0119F299900AAFDAD /* loadingThumb.png in Resources */,
				83D61BB5119F2BAF00AAFDAD /* noThumb.png in Resources */,
			);
			runOnlyForDeploymentPostprocessing = 0;
		};
/* End PBXResourcesBuildPhase section */

/* Begin PBXSourcesBuildPhase section */
		1D60588E0D05DD3D006BFB54 /* Sources */ = {
			isa = PBXSourcesBuildPhase;
			buildActionMask = 2147483647;
			files = (
				1D60589B0D05DD56006BFB54 /* main.m in Sources */,
				1D3623260D0F684500981E51 /* OpenHousesAppDelegate.m in Sources */,
				8381E845118E2F9900A412EE /* CDataScanner.m in Sources */,
				8381E846118E2F9900A412EE /* CDataScanner_Extensions.m in Sources */,
				8381E847118E2F9900A412EE /* NSCharacterSet_Extensions.m in Sources */,
				8381E848118E2F9900A412EE /* NSDictionary_JSONExtensions.m in Sources */,
				8381E849118E2F9900A412EE /* NSScanner_Extensions.m in Sources */,
				8381E84A118E2F9900A412EE /* CJSONDeserializer.m in Sources */,
				8381E84B118E2F9900A412EE /* CJSONScanner.m in Sources */,
				8381E84C118E2F9900A412EE /* CJSONSerializer.m in Sources */,
				8381E86D118E304D00A412EE /* Database.m in Sources */,
				8381E86E118E304D00A412EE /* FMDatabase.m in Sources */,
				8381E86F118E304D00A412EE /* FMDatabaseAdditions.m in Sources */,
				8381E870118E304D00A412EE /* fmdb.m in Sources */,
				8381E871118E304D00A412EE /* FMResultSet.m in Sources */,
				8381E872118E304D00A412EE /* FmdbMigration.m in Sources */,
				8381E873118E304D00A412EE /* FmdbMigrationColumn.m in Sources */,
				8381E874118E304D00A412EE /* FmdbMigrationManager.m in Sources */,
				8381E875118E304D00A412EE /* CreateLocations.m in Sources */,
				8381E876118E304D00A412EE /* OpenHouse.m in Sources */,
				8381E877118E304D00A412EE /* OpenHouses.m in Sources */,
				8381E89C118E321B00A412EE /* AddressController.m in Sources */,
				8381E89D118E321B00A412EE /* AddressResultCell.m in Sources */,
				8381E89E118E321B00A412EE /* BrowseController.m in Sources */,
				8381E89F118E321B00A412EE /* HistoryController.m in Sources */,
				8381E8A0118E321B00A412EE /* MapViewController.m in Sources */,
				8381E8A1118E321B00A412EE /* HouseTableCell.m in Sources */,
				8381E8A2118E321B00A412EE /* StatusView.m in Sources */,
				8381E8A3118E321B00A412EE /* TableViewController.m in Sources */,
				8381E8A4118E321B00A412EE /* DetailsController.m in Sources */,
				8381E8A5118E321B00A412EE /* ImageTableController.m in Sources */,
				8381E8A6118E321B00A412EE /* SpecsView.m in Sources */,
				8381E8A7118E321B00A412EE /* MainViewController.m in Sources */,
				8381E8BB118E338E00A412EE /* ConnectionManager.m in Sources */,
				83B89C47118F9E1200BB6116 /* DiskCache.m in Sources */,
				83D61C6C119F86D200AAFDAD /* HistoryManager.m in Sources */,
			);
			runOnlyForDeploymentPostprocessing = 0;
		};
/* End PBXSourcesBuildPhase section */

/* Begin XCBuildConfiguration section */
		1D6058940D05DD3E006BFB54 /* Debug */ = {
			isa = XCBuildConfiguration;
			buildSettings = {
				ALWAYS_SEARCH_USER_PATHS = NO;
				COPY_PHASE_STRIP = NO;
				GCC_DYNAMIC_NO_PIC = NO;
				GCC_OPTIMIZATION_LEVEL = 0;
				GCC_PRECOMPILE_PREFIX_HEADER = YES;
				GCC_PREFIX_HEADER = OpenHouse_Prefix.pch;
				INFOPLIST_FILE = "OpenHouse-Info.plist";
				LIBRARY_SEARCH_PATHS = (
					"$(inherited)",
					"\"$(SYSTEM_APPS_DIR)/Flurry iPhone SDK v2.2/FlurryLibWithLocation\"",
					"\"$(SRCROOT)/Classes/API/FlurryLibWithLocation\"",
				);
				PRODUCT_NAME = OpenHouse;
			};
			name = Debug;
		};
		1D6058950D05DD3E006BFB54 /* Release */ = {
			isa = XCBuildConfiguration;
			buildSettings = {
				ALWAYS_SEARCH_USER_PATHS = NO;
				COPY_PHASE_STRIP = YES;
				GCC_PRECOMPILE_PREFIX_HEADER = YES;
				GCC_PREFIX_HEADER = OpenHouse_Prefix.pch;
				INFOPLIST_FILE = "OpenHouse-Info.plist";
				LIBRARY_SEARCH_PATHS = (
					"$(inherited)",
					"\"$(SYSTEM_APPS_DIR)/Flurry iPhone SDK v2.2/FlurryLibWithLocation\"",
					"\"$(SRCROOT)/Classes/API/FlurryLibWithLocation\"",
				);
				PRODUCT_NAME = OpenHouse;
			};
			name = Release;
		};
		C01FCF4F08A954540054247B /* Debug */ = {
			isa = XCBuildConfiguration;
			buildSettings = {
				ARCHS = "$(ARCHS_STANDARD_32_BIT)";
				"CODE_SIGN_IDENTITY[sdk=iphoneos*]" = "iPhone Developer";
				GCC_C_LANGUAGE_STANDARD = c99;
				GCC_WARN_ABOUT_RETURN_TYPE = YES;
				GCC_WARN_UNUSED_VARIABLE = YES;
				HEADER_SEARCH_PATHS = /usr/include/libxml2;
				ONLY_ACTIVE_ARCH = YES;
				OTHER_LDFLAGS = "-lxml2";
				PREBINDING = NO;
				SDKROOT = iphoneos3.0;
			};
			name = Debug;
		};
		C01FCF5008A954540054247B /* Release */ = {
			isa = XCBuildConfiguration;
			buildSettings = {
				ARCHS = "$(ARCHS_STANDARD_32_BIT)";
				"CODE_SIGN_IDENTITY[sdk=iphoneos*]" = "iPhone Developer";
				GCC_C_LANGUAGE_STANDARD = c99;
				GCC_WARN_ABOUT_RETURN_TYPE = YES;
				GCC_WARN_UNUSED_VARIABLE = YES;
				PREBINDING = NO;
				SDKROOT = iphoneos3.0;
			};
			name = Release;
		};
/* End XCBuildConfiguration section */

/* Begin XCConfigurationList section */
		1D6058960D05DD3E006BFB54 /* Build configuration list for PBXNativeTarget "OpenHouse" */ = {
			isa = XCConfigurationList;
			buildConfigurations = (
				1D6058940D05DD3E006BFB54 /* Debug */,
				1D6058950D05DD3E006BFB54 /* Release */,
			);
			defaultConfigurationIsVisible = 0;
			defaultConfigurationName = Release;
		};
		C01FCF4E08A954540054247B /* Build configuration list for PBXProject "OpenHouse" */ = {
			isa = XCConfigurationList;
			buildConfigurations = (
				C01FCF4F08A954540054247B /* Debug */,
				C01FCF5008A954540054247B /* Release */,
			);
			defaultConfigurationIsVisible = 0;
			defaultConfigurationName = Release;
		};
/* End XCConfigurationList section */
	};
	rootObject = 29B97313FDCFA39411CA2CEA /* Project object */;
}
