// !$*UTF8*$!
{
	archiveVersion = 1;
	classes = {
	};
	objectVersion = 45;
	objects = {

/* Begin PBXBuildFile section */
		1D3623260D0F684500981E51 /* OpenHousesAppDelegate.m in Sources */ = {isa = PBXBuildFile; fileRef = 1D3623250D0F684500981E51 /* OpenHousesAppDelegate.m */; };
		1D60589B0D05DD56006BFB54 /* main.m in Sources */ = {isa = PBXBuildFile; fileRef = 29B97316FDCFA39411CA2CEA /* main.m */; };
		1D60589F0D05DD5A006BFB54 /* Foundation.framework in Frameworks */ = {isa = PBXBuildFile; fileRef = 1D30AB110D05D00D00671497 /* Foundation.framework */; };
		1DF5F4E00D08C38300B7A737 /* UIKit.framework in Frameworks */ = {isa = PBXBuildFile; fileRef = 1DF5F4DF0D08C38300B7A737 /* UIKit.framework */; };
		288765A50DF7441C002DB57D /* CoreGraphics.framework in Frameworks */ = {isa = PBXBuildFile; fileRef = 288765A40DF7441C002DB57D /* CoreGraphics.framework */; };
		28AD733F0D9D9553002E5188 /* MainWindow.xib in Resources */ = {isa = PBXBuildFile; fileRef = 28AD733E0D9D9553002E5188 /* MainWindow.xib */; };
		28D7ACF80DDB3853001CB0EB /* MapViewController.m in Sources */ = {isa = PBXBuildFile; fileRef = 28D7ACF70DDB3853001CB0EB /* MapViewController.m */; };
		830C822A0FF2A07E0045741F /* housing.xml in Resources */ = {isa = PBXBuildFile; fileRef = 830C82280FF2A07E0045741F /* housing.xml */; };
		834A9F2F1005C7EC00B87E53 /* list.png in Resources */ = {isa = PBXBuildFile; fileRef = 834A9F2E1005C7EC00B87E53 /* list.png */; };
		835043941016D267005F857D /* CDataScanner.m in Sources */ = {isa = PBXBuildFile; fileRef = 835043831016D267005F857D /* CDataScanner.m */; };
		835043951016D267005F857D /* CDataScanner_Extensions.m in Sources */ = {isa = PBXBuildFile; fileRef = 835043861016D267005F857D /* CDataScanner_Extensions.m */; };
		835043961016D267005F857D /* NSCharacterSet_Extensions.m in Sources */ = {isa = PBXBuildFile; fileRef = 835043881016D267005F857D /* NSCharacterSet_Extensions.m */; };
		835043971016D267005F857D /* NSDictionary_JSONExtensions.m in Sources */ = {isa = PBXBuildFile; fileRef = 8350438A1016D267005F857D /* NSDictionary_JSONExtensions.m */; };
		835043981016D267005F857D /* NSScanner_Extensions.m in Sources */ = {isa = PBXBuildFile; fileRef = 8350438C1016D267005F857D /* NSScanner_Extensions.m */; };
		835043991016D267005F857D /* CJSONDeserializer.m in Sources */ = {isa = PBXBuildFile; fileRef = 8350438F1016D267005F857D /* CJSONDeserializer.m */; };
		8350439A1016D267005F857D /* CJSONScanner.m in Sources */ = {isa = PBXBuildFile; fileRef = 835043911016D267005F857D /* CJSONScanner.m */; };
		8350439B1016D267005F857D /* CJSONSerializer.m in Sources */ = {isa = PBXBuildFile; fileRef = 835043931016D267005F857D /* CJSONSerializer.m */; };
		8357F5000FF831ED00F85065 /* loading.png in Resources */ = {isa = PBXBuildFile; fileRef = 8357F4FF0FF831ED00F85065 /* loading.png */; };
		8357F56C0FF8421A00F85065 /* TaggedURLConnection.m in Sources */ = {isa = PBXBuildFile; fileRef = 8357F5670FF8421A00F85065 /* TaggedURLConnection.m */; };
		8357F56D0FF8421A00F85065 /* TaggedRequest.m in Sources */ = {isa = PBXBuildFile; fileRef = 8357F5690FF8421A00F85065 /* TaggedRequest.m */; };
		8357F56E0FF8421A00F85065 /* ConnectionManager.m in Sources */ = {isa = PBXBuildFile; fileRef = 8357F56B0FF8421A00F85065 /* ConnectionManager.m */; };
		835B0EDE0FC12DF9007F818F /* MyCLController.m in Sources */ = {isa = PBXBuildFile; fileRef = 835B0EDD0FC12DF9007F818F /* MyCLController.m */; };
		835B0F920FC13108007F818F /* CoreLocation.framework in Frameworks */ = {isa = PBXBuildFile; fileRef = 835B0F910FC13108007F818F /* CoreLocation.framework */; };
		835E12660FEC921800923362 /* OpenHouses.m in Sources */ = {isa = PBXBuildFile; fileRef = 835E12650FEC921800923362 /* OpenHouses.m */; };
		8361078B1006D596007082CD /* down.png in Resources */ = {isa = PBXBuildFile; fileRef = 836107891006D596007082CD /* down.png */; };
		8361078C1006D596007082CD /* up.png in Resources */ = {isa = PBXBuildFile; fileRef = 8361078A1006D596007082CD /* up.png */; };
		836107E810086F8A007082CD /* SpecsView.m in Sources */ = {isa = PBXBuildFile; fileRef = 836107E710086F8A007082CD /* SpecsView.m */; };
		83B4F2DC0FDE34A000360E7D /* MainViewController.m in Sources */ = {isa = PBXBuildFile; fileRef = 83B4F2DB0FDE34A000360E7D /* MainViewController.m */; };
		83C544D70FFC40C700BC7067 /* DetailsController.m in Sources */ = {isa = PBXBuildFile; fileRef = 83C544D60FFC40C700BC7067 /* DetailsController.m */; };
		83E55D0D0FB7F8C800ED0E37 /* MapKit.framework in Frameworks */ = {isa = PBXBuildFile; fileRef = 83E55D0C0FB7F8C800ED0E37 /* MapKit.framework */; };
		83E8D6FF0FEF2EC800573934 /* TableViewController.m in Sources */ = {isa = PBXBuildFile; fileRef = 83E8D6FE0FEF2EC800573934 /* TableViewController.m */; };
		83E8DA7F0FF1E4ED00573934 /* HouseTableCell.m in Sources */ = {isa = PBXBuildFile; fileRef = 83E8DA7E0FF1E4ED00573934 /* HouseTableCell.m */; };
		83EE513E0FECBD3C0099FC4E /* BrowseController.m in Sources */ = {isa = PBXBuildFile; fileRef = 83EE513D0FECBD3C0099FC4E /* BrowseController.m */; };
		83FB83E5101ABF7600936F2C /* map.png in Resources */ = {isa = PBXBuildFile; fileRef = 83FB83E4101ABF7600936F2C /* map.png */; };
		83FB83F2101AC16700936F2C /* logo.png in Resources */ = {isa = PBXBuildFile; fileRef = 83FB83F1101AC16700936F2C /* logo.png */; };
		83FBD24E0FCE71FA0008C3BC /* OpenHouse.m in Sources */ = {isa = PBXBuildFile; fileRef = 83FBD24D0FCE71FA0008C3BC /* OpenHouse.m */; };
/* End PBXBuildFile section */

/* Begin PBXFileReference section */
		1D30AB110D05D00D00671497 /* Foundation.framework */ = {isa = PBXFileReference; lastKnownFileType = wrapper.framework; name = Foundation.framework; path = System/Library/Frameworks/Foundation.framework; sourceTree = SDKROOT; };
		1D3623240D0F684500981E51 /* OpenHousesAppDelegate.h */ = {isa = PBXFileReference; fileEncoding = 4; lastKnownFileType = sourcecode.c.h; name = OpenHousesAppDelegate.h; path = Classes/OpenHousesAppDelegate.h; sourceTree = "<group>"; };
		1D3623250D0F684500981E51 /* OpenHousesAppDelegate.m */ = {isa = PBXFileReference; fileEncoding = 4; lastKnownFileType = sourcecode.c.objc; name = OpenHousesAppDelegate.m; path = Classes/OpenHousesAppDelegate.m; sourceTree = "<group>"; };
		1D6058910D05DD3D006BFB54 /* OpenHouses.app */ = {isa = PBXFileReference; explicitFileType = wrapper.application; includeInIndex = 0; path = OpenHouses.app; sourceTree = BUILT_PRODUCTS_DIR; };
		1DF5F4DF0D08C38300B7A737 /* UIKit.framework */ = {isa = PBXFileReference; lastKnownFileType = wrapper.framework; name = UIKit.framework; path = System/Library/Frameworks/UIKit.framework; sourceTree = SDKROOT; };
		288765A40DF7441C002DB57D /* CoreGraphics.framework */ = {isa = PBXFileReference; lastKnownFileType = wrapper.framework; name = CoreGraphics.framework; path = System/Library/Frameworks/CoreGraphics.framework; sourceTree = SDKROOT; };
		28AD733E0D9D9553002E5188 /* MainWindow.xib */ = {isa = PBXFileReference; lastKnownFileType = file.xib; path = MainWindow.xib; sourceTree = "<group>"; };
		28D7ACF60DDB3853001CB0EB /* MapViewController.h */ = {isa = PBXFileReference; fileEncoding = 4; lastKnownFileType = sourcecode.c.h; path = MapViewController.h; sourceTree = "<group>"; };
		28D7ACF70DDB3853001CB0EB /* MapViewController.m */ = {isa = PBXFileReference; fileEncoding = 4; lastKnownFileType = sourcecode.c.objc; path = MapViewController.m; sourceTree = "<group>"; };
		29B97316FDCFA39411CA2CEA /* main.m */ = {isa = PBXFileReference; fileEncoding = 4; lastKnownFileType = sourcecode.c.objc; path = main.m; sourceTree = "<group>"; };
		32CA4F630368D1EE00C91783 /* OpenHouses_Prefix.pch */ = {isa = PBXFileReference; fileEncoding = 4; lastKnownFileType = sourcecode.c.h; path = OpenHouses_Prefix.pch; sourceTree = "<group>"; };
		830C82280FF2A07E0045741F /* housing.xml */ = {isa = PBXFileReference; fileEncoding = 4; lastKnownFileType = text.xml; name = housing.xml; path = resources/housing.xml; sourceTree = "<group>"; };
		834A9F2E1005C7EC00B87E53 /* list.png */ = {isa = PBXFileReference; lastKnownFileType = image.png; name = list.png; path = resources/list.png; sourceTree = "<group>"; };
		835043821016D267005F857D /* CDataScanner.h */ = {isa = PBXFileReference; fileEncoding = 4; lastKnownFileType = sourcecode.c.h; path = CDataScanner.h; sourceTree = "<group>"; };
		835043831016D267005F857D /* CDataScanner.m */ = {isa = PBXFileReference; fileEncoding = 4; lastKnownFileType = sourcecode.c.objc; path = CDataScanner.m; sourceTree = "<group>"; };
		835043851016D267005F857D /* CDataScanner_Extensions.h */ = {isa = PBXFileReference; fileEncoding = 4; lastKnownFileType = sourcecode.c.h; path = CDataScanner_Extensions.h; sourceTree = "<group>"; };
		835043861016D267005F857D /* CDataScanner_Extensions.m */ = {isa = PBXFileReference; fileEncoding = 4; lastKnownFileType = sourcecode.c.objc; path = CDataScanner_Extensions.m; sourceTree = "<group>"; };
		835043871016D267005F857D /* NSCharacterSet_Extensions.h */ = {isa = PBXFileReference; fileEncoding = 4; lastKnownFileType = sourcecode.c.h; path = NSCharacterSet_Extensions.h; sourceTree = "<group>"; };
		835043881016D267005F857D /* NSCharacterSet_Extensions.m */ = {isa = PBXFileReference; fileEncoding = 4; lastKnownFileType = sourcecode.c.objc; path = NSCharacterSet_Extensions.m; sourceTree = "<group>"; };
		835043891016D267005F857D /* NSDictionary_JSONExtensions.h */ = {isa = PBXFileReference; fileEncoding = 4; lastKnownFileType = sourcecode.c.h; path = NSDictionary_JSONExtensions.h; sourceTree = "<group>"; };
		8350438A1016D267005F857D /* NSDictionary_JSONExtensions.m */ = {isa = PBXFileReference; fileEncoding = 4; lastKnownFileType = sourcecode.c.objc; path = NSDictionary_JSONExtensions.m; sourceTree = "<group>"; };
		8350438B1016D267005F857D /* NSScanner_Extensions.h */ = {isa = PBXFileReference; fileEncoding = 4; lastKnownFileType = sourcecode.c.h; path = NSScanner_Extensions.h; sourceTree = "<group>"; };
		8350438C1016D267005F857D /* NSScanner_Extensions.m */ = {isa = PBXFileReference; fileEncoding = 4; lastKnownFileType = sourcecode.c.objc; path = NSScanner_Extensions.m; sourceTree = "<group>"; };
		8350438E1016D267005F857D /* CJSONDeserializer.h */ = {isa = PBXFileReference; fileEncoding = 4; lastKnownFileType = sourcecode.c.h; path = CJSONDeserializer.h; sourceTree = "<group>"; };
		8350438F1016D267005F857D /* CJSONDeserializer.m */ = {isa = PBXFileReference; fileEncoding = 4; lastKnownFileType = sourcecode.c.objc; path = CJSONDeserializer.m; sourceTree = "<group>"; };
		835043901016D267005F857D /* CJSONScanner.h */ = {isa = PBXFileReference; fileEncoding = 4; lastKnownFileType = sourcecode.c.h; path = CJSONScanner.h; sourceTree = "<group>"; };
		835043911016D267005F857D /* CJSONScanner.m */ = {isa = PBXFileReference; fileEncoding = 4; lastKnownFileType = sourcecode.c.objc; path = CJSONScanner.m; sourceTree = "<group>"; };
		835043921016D267005F857D /* CJSONSerializer.h */ = {isa = PBXFileReference; fileEncoding = 4; lastKnownFileType = sourcecode.c.h; path = CJSONSerializer.h; sourceTree = "<group>"; };
		835043931016D267005F857D /* CJSONSerializer.m */ = {isa = PBXFileReference; fileEncoding = 4; lastKnownFileType = sourcecode.c.objc; path = CJSONSerializer.m; sourceTree = "<group>"; };
		8357F4FF0FF831ED00F85065 /* loading.png */ = {isa = PBXFileReference; lastKnownFileType = image.png; name = loading.png; path = resources/loading.png; sourceTree = "<group>"; };
		8357F5660FF8421A00F85065 /* TaggedURLConnection.h */ = {isa = PBXFileReference; fileEncoding = 4; lastKnownFileType = sourcecode.c.h; path = TaggedURLConnection.h; sourceTree = "<group>"; };
		8357F5670FF8421A00F85065 /* TaggedURLConnection.m */ = {isa = PBXFileReference; fileEncoding = 4; lastKnownFileType = sourcecode.c.objc; path = TaggedURLConnection.m; sourceTree = "<group>"; };
		8357F5680FF8421A00F85065 /* TaggedRequest.h */ = {isa = PBXFileReference; fileEncoding = 4; lastKnownFileType = sourcecode.c.h; path = TaggedRequest.h; sourceTree = "<group>"; };
		8357F5690FF8421A00F85065 /* TaggedRequest.m */ = {isa = PBXFileReference; fileEncoding = 4; lastKnownFileType = sourcecode.c.objc; path = TaggedRequest.m; sourceTree = "<group>"; };
		8357F56A0FF8421A00F85065 /* ConnectionManager.h */ = {isa = PBXFileReference; fileEncoding = 4; lastKnownFileType = sourcecode.c.h; path = ConnectionManager.h; sourceTree = "<group>"; };
		8357F56B0FF8421A00F85065 /* ConnectionManager.m */ = {isa = PBXFileReference; fileEncoding = 4; lastKnownFileType = sourcecode.c.objc; path = ConnectionManager.m; sourceTree = "<group>"; };
		835B0EDC0FC12DF9007F818F /* MyCLController.h */ = {isa = PBXFileReference; fileEncoding = 4; lastKnownFileType = sourcecode.c.h; path = MyCLController.h; sourceTree = "<group>"; };
		835B0EDD0FC12DF9007F818F /* MyCLController.m */ = {isa = PBXFileReference; fileEncoding = 4; lastKnownFileType = sourcecode.c.objc; path = MyCLController.m; sourceTree = "<group>"; };
		835B0F910FC13108007F818F /* CoreLocation.framework */ = {isa = PBXFileReference; lastKnownFileType = wrapper.framework; name = CoreLocation.framework; path = System/Library/Frameworks/CoreLocation.framework; sourceTree = SDKROOT; };
		835E12640FEC921800923362 /* OpenHouses.h */ = {isa = PBXFileReference; fileEncoding = 4; lastKnownFileType = sourcecode.c.h; path = OpenHouses.h; sourceTree = "<group>"; };
		835E12650FEC921800923362 /* OpenHouses.m */ = {isa = PBXFileReference; fileEncoding = 4; lastKnownFileType = sourcecode.c.objc; path = OpenHouses.m; sourceTree = "<group>"; };
		836107891006D596007082CD /* down.png */ = {isa = PBXFileReference; lastKnownFileType = image.png; name = down.png; path = resources/down.png; sourceTree = "<group>"; };
		8361078A1006D596007082CD /* up.png */ = {isa = PBXFileReference; lastKnownFileType = image.png; name = up.png; path = resources/up.png; sourceTree = "<group>"; };
		836107E610086F8A007082CD /* SpecsView.h */ = {isa = PBXFileReference; fileEncoding = 4; lastKnownFileType = sourcecode.c.h; path = SpecsView.h; sourceTree = "<group>"; };
		836107E710086F8A007082CD /* SpecsView.m */ = {isa = PBXFileReference; fileEncoding = 4; lastKnownFileType = sourcecode.c.objc; path = SpecsView.m; sourceTree = "<group>"; };
		83B4F2DA0FDE34A000360E7D /* MainViewController.h */ = {isa = PBXFileReference; fileEncoding = 4; lastKnownFileType = sourcecode.c.h; path = MainViewController.h; sourceTree = "<group>"; };
		83B4F2DB0FDE34A000360E7D /* MainViewController.m */ = {isa = PBXFileReference; fileEncoding = 4; lastKnownFileType = sourcecode.c.objc; path = MainViewController.m; sourceTree = "<group>"; };
		83C544D50FFC40C700BC7067 /* DetailsController.h */ = {isa = PBXFileReference; fileEncoding = 4; lastKnownFileType = sourcecode.c.h; path = DetailsController.h; sourceTree = "<group>"; };
		83C544D60FFC40C700BC7067 /* DetailsController.m */ = {isa = PBXFileReference; fileEncoding = 4; lastKnownFileType = sourcecode.c.objc; path = DetailsController.m; sourceTree = "<group>"; };
		83E55D0C0FB7F8C800ED0E37 /* MapKit.framework */ = {isa = PBXFileReference; lastKnownFileType = wrapper.framework; name = MapKit.framework; path = System/Library/Frameworks/MapKit.framework; sourceTree = SDKROOT; };
		83E8D6FD0FEF2EC800573934 /* TableViewController.h */ = {isa = PBXFileReference; fileEncoding = 4; lastKnownFileType = sourcecode.c.h; path = TableViewController.h; sourceTree = "<group>"; };
		83E8D6FE0FEF2EC800573934 /* TableViewController.m */ = {isa = PBXFileReference; fileEncoding = 4; lastKnownFileType = sourcecode.c.objc; path = TableViewController.m; sourceTree = "<group>"; };
		83E8DA7D0FF1E4ED00573934 /* HouseTableCell.h */ = {isa = PBXFileReference; fileEncoding = 4; lastKnownFileType = sourcecode.c.h; path = HouseTableCell.h; sourceTree = "<group>"; };
		83E8DA7E0FF1E4ED00573934 /* HouseTableCell.m */ = {isa = PBXFileReference; fileEncoding = 4; lastKnownFileType = sourcecode.c.objc; path = HouseTableCell.m; sourceTree = "<group>"; };
		83EE513C0FECBD3C0099FC4E /* BrowseController.h */ = {isa = PBXFileReference; fileEncoding = 4; lastKnownFileType = sourcecode.c.h; path = BrowseController.h; sourceTree = "<group>"; };
		83EE513D0FECBD3C0099FC4E /* BrowseController.m */ = {isa = PBXFileReference; fileEncoding = 4; lastKnownFileType = sourcecode.c.objc; path = BrowseController.m; sourceTree = "<group>"; };
		83FB83E4101ABF7600936F2C /* map.png */ = {isa = PBXFileReference; lastKnownFileType = image.png; name = map.png; path = resources/map.png; sourceTree = "<group>"; };
		83FB83F1101AC16700936F2C /* logo.png */ = {isa = PBXFileReference; lastKnownFileType = image.png; name = logo.png; path = resources/logo.png; sourceTree = "<group>"; };
		83FBC9870FCD07320008C3BC /* Constants.h */ = {isa = PBXFileReference; fileEncoding = 4; lastKnownFileType = sourcecode.c.h; path = Constants.h; sourceTree = "<group>"; };
		83FBCA3C0FCD09C50008C3BC /* SynthesizeSingleton.h */ = {isa = PBXFileReference; fileEncoding = 4; lastKnownFileType = sourcecode.c.h; path = SynthesizeSingleton.h; sourceTree = "<group>"; };
		83FBD24C0FCE71FA0008C3BC /* OpenHouse.h */ = {isa = PBXFileReference; fileEncoding = 4; lastKnownFileType = sourcecode.c.h; path = OpenHouse.h; sourceTree = "<group>"; };
		83FBD24D0FCE71FA0008C3BC /* OpenHouse.m */ = {isa = PBXFileReference; fileEncoding = 4; lastKnownFileType = sourcecode.c.objc; path = OpenHouse.m; sourceTree = "<group>"; };
		8D1107310486CEB800E47090 /* OpenHouses-Info.plist */ = {isa = PBXFileReference; fileEncoding = 4; lastKnownFileType = text.plist.xml; path = "OpenHouses-Info.plist"; plistStructureDefinitionIdentifier = "com.apple.xcode.plist.structure-definition.iphone.info-plist"; sourceTree = "<group>"; };
/* End PBXFileReference section */

/* Begin PBXFrameworksBuildPhase section */
		1D60588F0D05DD3D006BFB54 /* Frameworks */ = {
			isa = PBXFrameworksBuildPhase;
			buildActionMask = 2147483647;
			files = (
				1D60589F0D05DD5A006BFB54 /* Foundation.framework in Frameworks */,
				1DF5F4E00D08C38300B7A737 /* UIKit.framework in Frameworks */,
				288765A50DF7441C002DB57D /* CoreGraphics.framework in Frameworks */,
				83E55D0D0FB7F8C800ED0E37 /* MapKit.framework in Frameworks */,
				835B0F920FC13108007F818F /* CoreLocation.framework in Frameworks */,
			);
			runOnlyForDeploymentPostprocessing = 0;
		};
/* End PBXFrameworksBuildPhase section */

/* Begin PBXGroup section */
		080E96DDFE201D6D7F000001 /* Classes */ = {
			isa = PBXGroup;
			children = (
				8357F5640FF8420600F85065 /* API */,
				835E0EED0FE5DF3C00923362 /* Model */,
				835E0EEE0FE5DF4B00923362 /* UI */,
			);
			path = Classes;
			sourceTree = "<group>";
		};
		19C28FACFE9D520D11CA2CBB /* Products */ = {
			isa = PBXGroup;
			children = (
				1D6058910D05DD3D006BFB54 /* OpenHouses.app */,
			);
			name = Products;
			sourceTree = "<group>";
		};
		29B97314FDCFA39411CA2CEA /* CustomTemplate */ = {
			isa = PBXGroup;
			children = (
				080E96DDFE201D6D7F000001 /* Classes */,
				1D3623240D0F684500981E51 /* OpenHousesAppDelegate.h */,
				1D3623250D0F684500981E51 /* OpenHousesAppDelegate.m */,
				29B97315FDCFA39411CA2CEA /* Other Sources */,
				29B97317FDCFA39411CA2CEA /* Resources */,
				29B97323FDCFA39411CA2CEA /* Frameworks */,
				19C28FACFE9D520D11CA2CBB /* Products */,
			);
			name = CustomTemplate;
			sourceTree = "<group>";
		};
		29B97315FDCFA39411CA2CEA /* Other Sources */ = {
			isa = PBXGroup;
			children = (
				83FBC9870FCD07320008C3BC /* Constants.h */,
				83FBCA3C0FCD09C50008C3BC /* SynthesizeSingleton.h */,
				32CA4F630368D1EE00C91783 /* OpenHouses_Prefix.pch */,
				29B97316FDCFA39411CA2CEA /* main.m */,
			);
			name = "Other Sources";
			sourceTree = "<group>";
		};
		29B97317FDCFA39411CA2CEA /* Resources */ = {
			isa = PBXGroup;
			children = (
				83FB83F1101AC16700936F2C /* logo.png */,
				83FB83E4101ABF7600936F2C /* map.png */,
				836107891006D596007082CD /* down.png */,
				8361078A1006D596007082CD /* up.png */,
				834A9F2E1005C7EC00B87E53 /* list.png */,
				8357F4FF0FF831ED00F85065 /* loading.png */,
				830C82280FF2A07E0045741F /* housing.xml */,
				28AD733E0D9D9553002E5188 /* MainWindow.xib */,
				8D1107310486CEB800E47090 /* OpenHouses-Info.plist */,
			);
			name = Resources;
			sourceTree = "<group>";
		};
		29B97323FDCFA39411CA2CEA /* Frameworks */ = {
			isa = PBXGroup;
			children = (
				835B0F910FC13108007F818F /* CoreLocation.framework */,
				83E55D0C0FB7F8C800ED0E37 /* MapKit.framework */,
				1DF5F4DF0D08C38300B7A737 /* UIKit.framework */,
				1D30AB110D05D00D00671497 /* Foundation.framework */,
				288765A40DF7441C002DB57D /* CoreGraphics.framework */,
			);
			name = Frameworks;
			sourceTree = "<group>";
		};
		835043811016D267005F857D /* TouchJSON */ = {
			isa = PBXGroup;
			children = (
				835043821016D267005F857D /* CDataScanner.h */,
				835043831016D267005F857D /* CDataScanner.m */,
				835043841016D267005F857D /* Extensions */,
				8350438D1016D267005F857D /* JSON */,
			);
			path = TouchJSON;
			sourceTree = "<group>";
		};
		835043841016D267005F857D /* Extensions */ = {
			isa = PBXGroup;
			children = (
				835043851016D267005F857D /* CDataScanner_Extensions.h */,
				835043861016D267005F857D /* CDataScanner_Extensions.m */,
				835043871016D267005F857D /* NSCharacterSet_Extensions.h */,
				835043881016D267005F857D /* NSCharacterSet_Extensions.m */,
				835043891016D267005F857D /* NSDictionary_JSONExtensions.h */,
				8350438A1016D267005F857D /* NSDictionary_JSONExtensions.m */,
				8350438B1016D267005F857D /* NSScanner_Extensions.h */,
				8350438C1016D267005F857D /* NSScanner_Extensions.m */,
			);
			path = Extensions;
			sourceTree = "<group>";
		};
		8350438D1016D267005F857D /* JSON */ = {
			isa = PBXGroup;
			children = (
				8350438E1016D267005F857D /* CJSONDeserializer.h */,
				8350438F1016D267005F857D /* CJSONDeserializer.m */,
				835043901016D267005F857D /* CJSONScanner.h */,
				835043911016D267005F857D /* CJSONScanner.m */,
				835043921016D267005F857D /* CJSONSerializer.h */,
				835043931016D267005F857D /* CJSONSerializer.m */,
			);
			path = JSON;
			sourceTree = "<group>";
		};
		8357F5640FF8420600F85065 /* API */ = {
			isa = PBXGroup;
			children = (
				835043811016D267005F857D /* TouchJSON */,
				8357F5650FF8421A00F85065 /* Network */,
			);
			name = API;
			sourceTree = "<group>";
		};
		8357F5650FF8421A00F85065 /* Network */ = {
			isa = PBXGroup;
			children = (
				8357F5660FF8421A00F85065 /* TaggedURLConnection.h */,
				8357F5670FF8421A00F85065 /* TaggedURLConnection.m */,
				8357F5680FF8421A00F85065 /* TaggedRequest.h */,
				8357F5690FF8421A00F85065 /* TaggedRequest.m */,
				8357F56A0FF8421A00F85065 /* ConnectionManager.h */,
				8357F56B0FF8421A00F85065 /* ConnectionManager.m */,
			);
			name = Network;
			sourceTree = "<group>";
		};
		835E0EED0FE5DF3C00923362 /* Model */ = {
			isa = PBXGroup;
			children = (
				83FBD24C0FCE71FA0008C3BC /* OpenHouse.h */,
				83FBD24D0FCE71FA0008C3BC /* OpenHouse.m */,
				835E12640FEC921800923362 /* OpenHouses.h */,
				835E12650FEC921800923362 /* OpenHouses.m */,
			);
			name = Model;
			sourceTree = "<group>";
		};
		835E0EEE0FE5DF4B00923362 /* UI */ = {
			isa = PBXGroup;
			children = (
				83B4F2DA0FDE34A000360E7D /* MainViewController.h */,
				83B4F2DB0FDE34A000360E7D /* MainViewController.m */,
				835B0EDC0FC12DF9007F818F /* MyCLController.h */,
				835B0EDD0FC12DF9007F818F /* MyCLController.m */,
				83E8DA7A0FF1E48B00573934 /* Browse */,
				83C544D40FFC408200BC7067 /* Details */,
			);
			name = UI;
			sourceTree = "<group>";
		};
		83C544D40FFC408200BC7067 /* Details */ = {
			isa = PBXGroup;
			children = (
				83C544D50FFC40C700BC7067 /* DetailsController.h */,
				83C544D60FFC40C700BC7067 /* DetailsController.m */,
				836107E610086F8A007082CD /* SpecsView.h */,
				836107E710086F8A007082CD /* SpecsView.m */,
			);
			name = Details;
			sourceTree = "<group>";
		};
		83E8DA7A0FF1E48B00573934 /* Browse */ = {
			isa = PBXGroup;
			children = (
				83E8DA7B0FF1E49E00573934 /* Map */,
				83E8DA7C0FF1E4AE00573934 /* Table */,
				83EE513C0FECBD3C0099FC4E /* BrowseController.h */,
				83EE513D0FECBD3C0099FC4E /* BrowseController.m */,
			);
			name = Browse;
			sourceTree = "<group>";
		};
		83E8DA7B0FF1E49E00573934 /* Map */ = {
			isa = PBXGroup;
			children = (
				28D7ACF60DDB3853001CB0EB /* MapViewController.h */,
				28D7ACF70DDB3853001CB0EB /* MapViewController.m */,
			);
			name = Map;
			sourceTree = "<group>";
		};
		83E8DA7C0FF1E4AE00573934 /* Table */ = {
			isa = PBXGroup;
			children = (
				83E8D6FD0FEF2EC800573934 /* TableViewController.h */,
				83E8D6FE0FEF2EC800573934 /* TableViewController.m */,
				83E8DA7D0FF1E4ED00573934 /* HouseTableCell.h */,
				83E8DA7E0FF1E4ED00573934 /* HouseTableCell.m */,
			);
			name = Table;
			sourceTree = "<group>";
		};
/* End PBXGroup section */

/* Begin PBXNativeTarget section */
		1D6058900D05DD3D006BFB54 /* OpenHouses */ = {
			isa = PBXNativeTarget;
			buildConfigurationList = 1D6058960D05DD3E006BFB54 /* Build configuration list for PBXNativeTarget "OpenHouses" */;
			buildPhases = (
				1D60588D0D05DD3D006BFB54 /* Resources */,
				1D60588E0D05DD3D006BFB54 /* Sources */,
				1D60588F0D05DD3D006BFB54 /* Frameworks */,
			);
			buildRules = (
			);
			dependencies = (
			);
			name = OpenHouses;
			productName = OpenHouses;
			productReference = 1D6058910D05DD3D006BFB54 /* OpenHouses.app */;
			productType = "com.apple.product-type.application";
		};
/* End PBXNativeTarget section */

/* Begin PBXProject section */
		29B97313FDCFA39411CA2CEA /* Project object */ = {
			isa = PBXProject;
			buildConfigurationList = C01FCF4E08A954540054247B /* Build configuration list for PBXProject "OpenHouses" */;
			compatibilityVersion = "Xcode 3.1";
			hasScannedForEncodings = 1;
			mainGroup = 29B97314FDCFA39411CA2CEA /* CustomTemplate */;
			projectDirPath = "";
			projectRoot = "";
			targets = (
				1D6058900D05DD3D006BFB54 /* OpenHouses */,
			);
		};
/* End PBXProject section */

/* Begin PBXResourcesBuildPhase section */
		1D60588D0D05DD3D006BFB54 /* Resources */ = {
			isa = PBXResourcesBuildPhase;
			buildActionMask = 2147483647;
			files = (
				28AD733F0D9D9553002E5188 /* MainWindow.xib in Resources */,
				830C822A0FF2A07E0045741F /* housing.xml in Resources */,
				8357F5000FF831ED00F85065 /* loading.png in Resources */,
				834A9F2F1005C7EC00B87E53 /* list.png in Resources */,
				8361078B1006D596007082CD /* down.png in Resources */,
				8361078C1006D596007082CD /* up.png in Resources */,
				83FB83E5101ABF7600936F2C /* map.png in Resources */,
				83FB83F2101AC16700936F2C /* logo.png in Resources */,
			);
			runOnlyForDeploymentPostprocessing = 0;
		};
/* End PBXResourcesBuildPhase section */

/* Begin PBXSourcesBuildPhase section */
		1D60588E0D05DD3D006BFB54 /* Sources */ = {
			isa = PBXSourcesBuildPhase;
			buildActionMask = 2147483647;
			files = (
				1D60589B0D05DD56006BFB54 /* main.m in Sources */,
				1D3623260D0F684500981E51 /* OpenHousesAppDelegate.m in Sources */,
				28D7ACF80DDB3853001CB0EB /* MapViewController.m in Sources */,
				835B0EDE0FC12DF9007F818F /* MyCLController.m in Sources */,
				83FBD24E0FCE71FA0008C3BC /* OpenHouse.m in Sources */,
				83B4F2DC0FDE34A000360E7D /* MainViewController.m in Sources */,
				835E12660FEC921800923362 /* OpenHouses.m in Sources */,
				83EE513E0FECBD3C0099FC4E /* BrowseController.m in Sources */,
				83E8D6FF0FEF2EC800573934 /* TableViewController.m in Sources */,
				83E8DA7F0FF1E4ED00573934 /* HouseTableCell.m in Sources */,
				8357F56C0FF8421A00F85065 /* TaggedURLConnection.m in Sources */,
				8357F56D0FF8421A00F85065 /* TaggedRequest.m in Sources */,
				8357F56E0FF8421A00F85065 /* ConnectionManager.m in Sources */,
				83C544D70FFC40C700BC7067 /* DetailsController.m in Sources */,
				836107E810086F8A007082CD /* SpecsView.m in Sources */,
				835043941016D267005F857D /* CDataScanner.m in Sources */,
				835043951016D267005F857D /* CDataScanner_Extensions.m in Sources */,
				835043961016D267005F857D /* NSCharacterSet_Extensions.m in Sources */,
				835043971016D267005F857D /* NSDictionary_JSONExtensions.m in Sources */,
				835043981016D267005F857D /* NSScanner_Extensions.m in Sources */,
				835043991016D267005F857D /* CJSONDeserializer.m in Sources */,
				8350439A1016D267005F857D /* CJSONScanner.m in Sources */,
				8350439B1016D267005F857D /* CJSONSerializer.m in Sources */,
			);
			runOnlyForDeploymentPostprocessing = 0;
		};
/* End PBXSourcesBuildPhase section */

/* Begin XCBuildConfiguration section */
		1D6058940D05DD3E006BFB54 /* Debug */ = {
			isa = XCBuildConfiguration;
			buildSettings = {
				ALWAYS_SEARCH_USER_PATHS = NO;
				COPY_PHASE_STRIP = NO;
				GCC_DYNAMIC_NO_PIC = NO;
				GCC_OPTIMIZATION_LEVEL = 0;
				GCC_PRECOMPILE_PREFIX_HEADER = YES;
				GCC_PREFIX_HEADER = OpenHouses_Prefix.pch;
				INFOPLIST_FILE = "OpenHouses-Info.plist";
				PRODUCT_NAME = OpenHouses;
			};
			name = Debug;
		};
		1D6058950D05DD3E006BFB54 /* Release */ = {
			isa = XCBuildConfiguration;
			buildSettings = {
				ALWAYS_SEARCH_USER_PATHS = NO;
				COPY_PHASE_STRIP = YES;
				GCC_PRECOMPILE_PREFIX_HEADER = YES;
				GCC_PREFIX_HEADER = OpenHouses_Prefix.pch;
				INFOPLIST_FILE = "OpenHouses-Info.plist";
				PRODUCT_NAME = OpenHouses;
			};
			name = Release;
		};
		C01FCF4F08A954540054247B /* Debug */ = {
			isa = XCBuildConfiguration;
			buildSettings = {
				ARCHS = "$(ARCHS_STANDARD_32_BIT)";
				"CODE_SIGN_IDENTITY[sdk=iphoneos*]" = "iPhone Developer";
				GCC_C_LANGUAGE_STANDARD = c99;
				GCC_WARN_ABOUT_RETURN_TYPE = YES;
				GCC_WARN_UNUSED_VARIABLE = YES;
				HEADER_SEARCH_PATHS = /usr/include/libxml2;
				ONLY_ACTIVE_ARCH = YES;
				OTHER_LDFLAGS = "-lxml2";
				PREBINDING = NO;
				SDKROOT = iphoneos3.0;
			};
			name = Debug;
		};
		C01FCF5008A954540054247B /* Release */ = {
			isa = XCBuildConfiguration;
			buildSettings = {
				ARCHS = "$(ARCHS_STANDARD_32_BIT)";
				"CODE_SIGN_IDENTITY[sdk=iphoneos*]" = "iPhone Developer";
				GCC_C_LANGUAGE_STANDARD = c99;
				GCC_WARN_ABOUT_RETURN_TYPE = YES;
				GCC_WARN_UNUSED_VARIABLE = YES;
				PREBINDING = NO;
				SDKROOT = iphoneos3.0;
			};
			name = Release;
		};
/* End XCBuildConfiguration section */

/* Begin XCConfigurationList section */
		1D6058960D05DD3E006BFB54 /* Build configuration list for PBXNativeTarget "OpenHouses" */ = {
			isa = XCConfigurationList;
			buildConfigurations = (
				1D6058940D05DD3E006BFB54 /* Debug */,
				1D6058950D05DD3E006BFB54 /* Release */,
			);
			defaultConfigurationIsVisible = 0;
			defaultConfigurationName = Release;
		};
		C01FCF4E08A954540054247B /* Build configuration list for PBXProject "OpenHouses" */ = {
			isa = XCConfigurationList;
			buildConfigurations = (
				C01FCF4F08A954540054247B /* Debug */,
				C01FCF5008A954540054247B /* Release */,
			);
			defaultConfigurationIsVisible = 0;
			defaultConfigurationName = Release;
		};
/* End XCConfigurationList section */
	};
	rootObject = 29B97313FDCFA39411CA2CEA /* Project object */;
}
